
Microsoft Visual Studio Solution File, Format Version 12.00
# Visual Studio Version 16
VisualStudioVersion = 16.0.30225.117
MinimumVisualStudioVersion = 10.0.40219.1
Project("{FAE04EC0-301F-11D3-BF4B-00C04F79EFBC}") = "ActionsTest", "ActionsTest\ActionsTest.csproj", "{5D807E79-0B72-44D9-A038-9AFF4C4EBFCA}"
EndProject
Project("{FAE04EC0-301F-11D3-BF4B-00C04F79EFBC}") = "SomeLibrary", "SomeLibrary\SomeLibrary.csproj", "{1E8BE638-D8FF-474B-BEAF-46E833B13F86}"
EndProject
Project("{FAE04EC0-301F-11D3-BF4B-00C04F79EFBC}") = "SomeLibTests", "SomeLibTests\SomeLibTests.csproj", "{B252EE07-50C4-46C3-9F6E-B786599C9B78}"
EndProject
Global
	GlobalSection(SolutionConfigurationPlatforms) = preSolution
		Debug|Any CPU = Debug|Any CPU
		Release|Any CPU = Release|Any CPU
	EndGlobalSection
	GlobalSection(ProjectConfigurationPlatforms) = postSolution
		{5D807E79-0B72-44D9-A038-9AFF4C4EBFCA}.Debug|Any CPU.ActiveCfg = Debug|Any CPU
		{5D807E79-0B72-44D9-A038-9AFF4C4EBFCA}.Debug|Any CPU.Build.0 = Debug|Any CPU
		{5D807E79-0B72-44D9-A038-9AFF4C4EBFCA}.Release|Any CPU.ActiveCfg = Release|Any CPU
		{5D807E79-0B72-44D9-A038-9AFF4C4EBFCA}.Release|Any CPU.Build.0 = Release|Any CPU
		{1E8BE638-D8FF-474B-BEAF-46E833B13F86}.Debug|Any CPU.ActiveCfg = Debug|Any CPU
		{1E8BE638-D8FF-474B-BEAF-46E833B13F86}.Debug|Any CPU.Build.0 = Debug|Any CPU
		{1E8BE638-D8FF-474B-BEAF-46E833B13F86}.Release|Any CPU.ActiveCfg = Release|Any CPU
		{1E8BE638-D8FF-474B-BEAF-46E833B13F86}.Release|Any CPU.Build.0 = Release|Any CPU
		{B252EE07-50C4-46C3-9F6E-B786599C9B78}.Debug|Any CPU.ActiveCfg = Debug|Any CPU
		{B252EE07-50C4-46C3-9F6E-B786599C9B78}.Debug|Any CPU.Build.0 = Debug|Any CPU
		{B252EE07-50C4-46C3-9F6E-B786599C9B78}.Release|Any CPU.ActiveCfg = Release|Any CPU
		{B252EE07-50C4-46C3-9F6E-B786599C9B78}.Release|Any CPU.Build.0 = Release|Any CPU
	EndGlobalSection
	GlobalSection(SolutionProperties) = preSolution
		HideSolutionNode = FALSE
	EndGlobalSection
	GlobalSection(ExtensibilityGlobals) = postSolution
		SolutionGuid = {6C7339D5-E345-45D3-BC5E-E4A152F0132D}
	EndGlobalSection
EndGlobal
